{
  "version": 4,
  "terraform_version": "1.9.8",
  "serial": 87,
  "lineage": "563e5e5f-70c5-1604-6017-795851ca52fc",
  "outputs": {
    "instance_details": {
      "value": {
        "instance_id": "i-005dadbe8d471038e",
        "instance_name": "PublicInstance",
        "instance_private_ip": "10.0.1.72",
        "instance_public_ip": "44.204.73.160",
        "security_group_id": [
          "sg-0eeaf52a4e1b8bfb1"
        ],
        "subnet_id": "subnet-091a15daa809a807b"
      },
      "type": [
        "object",
        {
          "instance_id": "string",
          "instance_name": "string",
          "instance_private_ip": "string",
          "instance_public_ip": "string",
          "security_group_id": [
            "set",
            "string"
          ],
          "subnet_id": "string"
        }
      ]
    }
  },
  "resources": [
    {
      "mode": "managed",
      "type": "aws_db_instance",
      "name": "mydb",
      "provider": "provider[\"registry.terraform.io/hashicorp/aws\"]",
      "instances": [
        {
          "schema_version": 1,
          "attributes": {
            "address": "mydb.c1ou2g8umht7.us-east-1.rds.amazonaws.com",
            "allocated_storage": 20,
            "allow_major_version_upgrade": null,
            "apply_immediately": false,
            "arn": "arn:aws:rds:us-east-1:183631320726:db:mydb",
            "auto_minor_version_upgrade": true,
            "availability_zone": "us-east-1a",
            "backup_retention_period": 0,
            "backup_window": "03:47-04:17",
            "blue_green_update": [],
            "ca_cert_identifier": "rds-ca-rsa2048-g1",
            "character_set_name": "",
            "copy_tags_to_snapshot": false,
            "custom_iam_instance_profile": "",
            "customer_owned_ip_enabled": false,
            "db_name": "",
            "db_subnet_group_name": "mydb_subnet_group",
            "delete_automated_backups": true,
            "deletion_protection": false,
            "domain": "",
            "domain_iam_role_name": "",
            "enabled_cloudwatch_logs_exports": [],
            "endpoint": "mydb.c1ou2g8umht7.us-east-1.rds.amazonaws.com:3306",
            "engine": "mysql",
            "engine_version": "8.0.35",
            "engine_version_actual": "8.0.35",
            "final_snapshot_identifier": null,
            "hosted_zone_id": "Z2R2ITUGPM61AM",
            "iam_database_authentication_enabled": false,
            "id": "mydb",
            "identifier": "mydb",
            "identifier_prefix": "",
            "instance_class": "db.t3.micro",
            "iops": 0,
            "kms_key_id": "",
            "latest_restorable_time": "",
            "license_model": "general-public-license",
            "listener_endpoint": [],
            "maintenance_window": "wed:09:48-wed:10:18",
            "manage_master_user_password": null,
            "master_user_secret": [],
            "master_user_secret_kms_key_id": null,
            "max_allocated_storage": 0,
            "monitoring_interval": 0,
            "monitoring_role_arn": "",
            "multi_az": false,
            "name": "",
            "nchar_character_set_name": "",
            "network_type": "IPV4",
            "option_group_name": "default:mysql-8-0",
            "parameter_group_name": "default.mysql8.0",
            "password": "DBpassword2024",
            "performance_insights_enabled": false,
            "performance_insights_kms_key_id": "",
            "performance_insights_retention_period": 0,
            "port": 3306,
            "publicly_accessible": true,
            "replica_mode": "",
            "replicas": [],
            "replicate_source_db": "",
            "resource_id": "db-TCTNERJUXZ62LUOEZYU27GHJCA",
            "restore_to_point_in_time": [],
            "s3_import": [],
            "security_group_names": [],
            "skip_final_snapshot": true,
            "snapshot_identifier": null,
            "status": "available",
            "storage_encrypted": false,
            "storage_throughput": 0,
            "storage_type": "gp2",
            "tags": {
              "Name": "enis_tp"
            },
            "tags_all": {
              "Name": "enis_tp"
            },
            "timeouts": null,
            "timezone": "",
            "username": "dbuser",
            "vpc_security_group_ids": [
              "sg-0eeaf52a4e1b8bfb1"
            ]
          },
          "sensitive_attributes": [
            [
              {
                "type": "get_attr",
                "value": "password"
              }
            ]
          ],
          "private": "eyJlMmJmYjczMC1lY2FhLTExZTYtOGY4OC0zNDM2M2JjN2M0YzAiOnsiY3JlYXRlIjoyNDAwMDAwMDAwMDAwLCJkZWxldGUiOjM2MDAwMDAwMDAwMDAsInVwZGF0ZSI6NDgwMDAwMDAwMDAwMH0sInNjaGVtYV92ZXJzaW9uIjoiMSJ9",
          "dependencies": [
            "aws_db_subnet_group.mydb_subnet_group",
            "aws_security_group.web_sg",
            "aws_subnet.public_subnet_1",
            "aws_subnet.public_subnet_2",
            "aws_vpc.tp_cloud_devops_vpc"
          ]
        }
      ]
    },
    {
      "mode": "managed",
      "type": "aws_db_subnet_group",
      "name": "mydb_subnet_group",
      "provider": "provider[\"registry.terraform.io/hashicorp/aws\"]",
      "instances": [
        {
          "schema_version": 0,
          "attributes": {
            "arn": "arn:aws:rds:us-east-1:183631320726:subgrp:mydb_subnet_group",
            "description": "Managed by Terraform",
            "id": "mydb_subnet_group",
            "name": "mydb_subnet_group",
            "name_prefix": "",
            "subnet_ids": [
              "subnet-0032fdee3548466f2",
              "subnet-091a15daa809a807b"
            ],
            "supported_network_types": [
              "IPV4"
            ],
            "tags": {
              "Name": "mydb_subnet_group"
            },
            "tags_all": {
              "Name": "mydb_subnet_group"
            },
            "vpc_id": "vpc-04c359dcb5972f02a"
          },
          "sensitive_attributes": [],
          "private": "bnVsbA==",
          "dependencies": [
            "aws_subnet.public_subnet_1",
            "aws_subnet.public_subnet_2",
            "aws_vpc.tp_cloud_devops_vpc"
          ]
        }
      ]
    },
    {
      "mode": "managed",
      "type": "aws_iam_instance_profile",
      "name": "ec2_instance_profile",
      "provider": "provider[\"registry.terraform.io/hashicorp/aws\"]",
      "instances": [
        {
          "schema_version": 0,
          "attributes": {
            "arn": "arn:aws:iam::183631320726:instance-profile/ec2-ecr-instance-profile",
            "create_date": "2024-12-09T09:35:49Z",
            "id": "ec2-ecr-instance-profile",
            "name": "ec2-ecr-instance-profile",
            "name_prefix": "",
            "path": "/",
            "role": "ec2-ecr-access-role",
            "tags": {},
            "tags_all": {},
            "unique_id": "AIPASVQKHS2LGTILSDS4L"
          },
          "sensitive_attributes": [],
          "private": "bnVsbA==",
          "dependencies": [
            "aws_iam_role.ec2_ecr_access_role"
          ]
        }
      ]
    },
    {
      "mode": "managed",
      "type": "aws_iam_role",
      "name": "ec2_ecr_access_role",
      "provider": "provider[\"registry.terraform.io/hashicorp/aws\"]",
      "instances": [
        {
          "schema_version": 0,
          "attributes": {
            "arn": "arn:aws:iam::183631320726:role/ec2-ecr-access-role",
            "assume_role_policy": "{\"Statement\":[{\"Action\":\"sts:AssumeRole\",\"Effect\":\"Allow\",\"Principal\":{\"Service\":\"ec2.amazonaws.com\"}}],\"Version\":\"2012-10-17\"}",
            "create_date": "2024-12-09T09:35:47Z",
            "description": "",
            "force_detach_policies": false,
            "id": "ec2-ecr-access-role",
            "inline_policy": [],
            "managed_policy_arns": [
              "arn:aws:iam::aws:policy/AmazonEC2ContainerRegistryPowerUser"
            ],
            "max_session_duration": 3600,
            "name": "ec2-ecr-access-role",
            "name_prefix": "",
            "path": "/",
            "permissions_boundary": null,
            "role_last_used": [
              {
                "last_used_date": "",
                "region": ""
              }
            ],
            "tags": {},
            "tags_all": {},
            "unique_id": "AROASVQKHS2LC4HA2PHIG"
          },
          "sensitive_attributes": [],
          "private": "bnVsbA=="
        }
      ]
    },
    {
      "mode": "managed",
      "type": "aws_iam_role_policy_attachment",
      "name": "ec2_ecr_policy_attachment",
      "provider": "provider[\"registry.terraform.io/hashicorp/aws\"]",
      "instances": [
        {
          "schema_version": 0,
          "attributes": {
            "id": "ec2-ecr-access-role-20241209093549876800000001",
            "policy_arn": "arn:aws:iam::aws:policy/AmazonEC2ContainerRegistryPowerUser",
            "role": "ec2-ecr-access-role"
          },
          "sensitive_attributes": [],
          "private": "bnVsbA==",
          "dependencies": [
            "aws_iam_role.ec2_ecr_access_role"
          ]
        }
      ]
    },
    {
      "mode": "managed",
      "type": "aws_instance",
      "name": "public_instance",
      "provider": "provider[\"registry.terraform.io/hashicorp/aws\"]",
      "instances": [
        {
          "schema_version": 1,
          "attributes": {
            "ami": "ami-0866a3c8686eaeeba",
            "arn": "arn:aws:ec2:us-east-1:183631320726:instance/i-005dadbe8d471038e",
            "associate_public_ip_address": true,
            "availability_zone": "us-east-1a",
            "capacity_reservation_specification": [
              {
                "capacity_reservation_preference": "open",
                "capacity_reservation_target": []
              }
            ],
            "cpu_core_count": 1,
            "cpu_options": [
              {
                "amd_sev_snp": "",
                "core_count": 1,
                "threads_per_core": 1
              }
            ],
            "cpu_threads_per_core": 1,
            "credit_specification": [
              {
                "cpu_credits": "standard"
              }
            ],
            "disable_api_stop": false,
            "disable_api_termination": false,
            "ebs_block_device": [],
            "ebs_optimized": false,
            "enclave_options": [
              {
                "enabled": false
              }
            ],
            "ephemeral_block_device": [],
            "get_password_data": false,
            "hibernation": false,
            "host_id": "",
            "host_resource_group_arn": null,
            "iam_instance_profile": "ec2-ecr-instance-profile",
            "id": "i-005dadbe8d471038e",
            "instance_initiated_shutdown_behavior": "stop",
            "instance_state": "running",
            "instance_type": "t2.micro",
            "ipv6_address_count": 0,
            "ipv6_addresses": [],
            "key_name": "deployer_key",
            "launch_template": [],
            "maintenance_options": [
              {
                "auto_recovery": "default"
              }
            ],
            "metadata_options": [
              {
                "http_endpoint": "enabled",
                "http_put_response_hop_limit": 2,
                "http_tokens": "required",
                "instance_metadata_tags": "disabled"
              }
            ],
            "monitoring": false,
            "network_interface": [],
            "outpost_arn": "",
            "password_data": "",
            "placement_group": "",
            "placement_partition_number": 0,
            "primary_network_interface_id": "eni-03ab33801b6a5af08",
            "private_dns": "ip-10-0-1-72.ec2.internal",
            "private_dns_name_options": [
              {
                "enable_resource_name_dns_a_record": false,
                "enable_resource_name_dns_aaaa_record": false,
                "hostname_type": "ip-name"
              }
            ],
            "private_ip": "10.0.1.72",
            "public_dns": "ec2-44-204-73-160.compute-1.amazonaws.com",
            "public_ip": "44.204.73.160",
            "root_block_device": [
              {
                "delete_on_termination": true,
                "device_name": "/dev/sda1",
                "encrypted": false,
                "iops": 3000,
                "kms_key_id": "",
                "tags": {},
                "throughput": 125,
                "volume_id": "vol-0e46e28540a08167d",
                "volume_size": 8,
                "volume_type": "gp3"
              }
            ],
            "secondary_private_ips": [],
            "security_groups": [],
            "source_dest_check": true,
            "subnet_id": "subnet-091a15daa809a807b",
            "tags": {
              "Name": "PublicInstance"
            },
            "tags_all": {
              "Name": "PublicInstance"
            },
            "tenancy": "default",
            "timeouts": null,
            "user_data": "5862384666359fd0af86394ff4a1625e94804b33",
            "user_data_base64": null,
            "user_data_replace_on_change": false,
            "volume_tags": null,
            "vpc_security_group_ids": [
              "sg-0eeaf52a4e1b8bfb1"
            ]
          },
          "sensitive_attributes": [],
          "private": "eyJlMmJmYjczMC1lY2FhLTExZTYtOGY4OC0zNDM2M2JjN2M0YzAiOnsiY3JlYXRlIjo2MDAwMDAwMDAwMDAsImRlbGV0ZSI6MTIwMDAwMDAwMDAwMCwidXBkYXRlIjo2MDAwMDAwMDAwMDB9LCJzY2hlbWFfdmVyc2lvbiI6IjEifQ==",
          "dependencies": [
            "aws_iam_instance_profile.ec2_instance_profile",
            "aws_iam_role.ec2_ecr_access_role",
            "aws_key_pair.deployer_key",
            "aws_security_group.web_sg",
            "aws_subnet.public_subnet_1",
            "aws_vpc.tp_cloud_devops_vpc",
            "tls_private_key.example_ssh_key"
          ]
        }
      ]
    },
    {
      "mode": "managed",
      "type": "aws_internet_gateway",
      "name": "main_gateway",
      "provider": "provider[\"registry.terraform.io/hashicorp/aws\"]",
      "instances": [
        {
          "schema_version": 0,
          "attributes": {
            "arn": "arn:aws:ec2:us-east-1:183631320726:internet-gateway/igw-0e2edb0d8e0587e1f",
            "id": "igw-0e2edb0d8e0587e1f",
            "owner_id": "183631320726",
            "tags": {
              "Name": "MainInternetGateway"
            },
            "tags_all": {
              "Name": "MainInternetGateway"
            },
            "timeouts": null,
            "vpc_id": "vpc-04c359dcb5972f02a"
          },
          "sensitive_attributes": [],
          "private": "eyJlMmJmYjczMC1lY2FhLTExZTYtOGY4OC0zNDM2M2JjN2M0YzAiOnsiY3JlYXRlIjoxMjAwMDAwMDAwMDAwLCJkZWxldGUiOjEyMDAwMDAwMDAwMDAsInVwZGF0ZSI6MTIwMDAwMDAwMDAwMH19",
          "dependencies": [
            "aws_vpc.tp_cloud_devops_vpc"
          ]
        }
      ]
    },
    {
      "mode": "managed",
      "type": "aws_key_pair",
      "name": "deployer_key",
      "provider": "provider[\"registry.terraform.io/hashicorp/aws\"]",
      "instances": [
        {
          "schema_version": 1,
          "attributes": {
            "arn": "arn:aws:ec2:us-east-1:183631320726:key-pair/deployer_key",
            "fingerprint": "1a:0e:c7:50:cf:02:35:3d:66:dd:4f:7f:f8:19:50:32",
            "id": "deployer_key",
            "key_name": "deployer_key",
            "key_name_prefix": "",
            "key_pair_id": "key-0cd8e1c63329147ed",
            "key_type": "rsa",
            "public_key": "ssh-rsa AAAAB3NzaC1yc2EAAAADAQABAAABAQDc5R7uHEEcNZBxdbmYeZMBu2vfqTIE3t8UuyESH3S1O/1tluznwjMl83bozz42uq+5tavLgQrxXEjvVg8jls3tAbb2pdhxj5sHPAAIIBhsi3uvTUp68QXXfiEMGPTLCARCLUmT/qp4RtHEcwlrx5nAqQkG3Sjxyu6zXB5QWW+L7im6kA/+T2hkRf88+P3H1Tfok47tbO7LjkiRU/ucUroYhecgafemWeXO8zYMrxepgTkKPbiVvBdNRwpNjjxuhSVNM0vQCz7S2ZzB08usS4u9zuivgrxzxqf1Ze0cOsYVhHYVmsHjxOM7oOi/1UdTBS1knmWLMzB8QqdEqHVKsApN",
            "tags": {},
            "tags_all": {}
          },
          "sensitive_attributes": [],
          "private": "eyJzY2hlbWFfdmVyc2lvbiI6IjEifQ==",
          "dependencies": [
            "tls_private_key.example_ssh_key"
          ]
        }
      ]
    },
    {
      "mode": "managed",
      "type": "aws_route_table",
      "name": "public_route_table",
      "provider": "provider[\"registry.terraform.io/hashicorp/aws\"]",
      "instances": [
        {
          "schema_version": 0,
          "attributes": {
            "arn": "arn:aws:ec2:us-east-1:183631320726:route-table/rtb-0305b74d85c25136c",
            "id": "rtb-0305b74d85c25136c",
            "owner_id": "183631320726",
            "propagating_vgws": [],
            "route": [
              {
                "carrier_gateway_id": "",
                "cidr_block": "0.0.0.0/0",
                "core_network_arn": "",
                "destination_prefix_list_id": "",
                "egress_only_gateway_id": "",
                "gateway_id": "igw-0e2edb0d8e0587e1f",
                "instance_id": "",
                "ipv6_cidr_block": "",
                "local_gateway_id": "",
                "nat_gateway_id": "",
                "network_interface_id": "",
                "transit_gateway_id": "",
                "vpc_endpoint_id": "",
                "vpc_peering_connection_id": ""
              }
            ],
            "tags": {
              "Name": "PublicRouteTable"
            },
            "tags_all": {
              "Name": "PublicRouteTable"
            },
            "timeouts": null,
            "vpc_id": "vpc-04c359dcb5972f02a"
          },
          "sensitive_attributes": [],
          "private": "eyJlMmJmYjczMC1lY2FhLTExZTYtOGY4OC0zNDM2M2JjN2M0YzAiOnsiY3JlYXRlIjozMDAwMDAwMDAwMDAsImRlbGV0ZSI6MzAwMDAwMDAwMDAwLCJ1cGRhdGUiOjEyMDAwMDAwMDAwMH19",
          "dependencies": [
            "aws_internet_gateway.main_gateway",
            "aws_vpc.tp_cloud_devops_vpc"
          ]
        }
      ]
    },
    {
      "mode": "managed",
      "type": "aws_route_table_association",
      "name": "public_rta1",
      "provider": "provider[\"registry.terraform.io/hashicorp/aws\"]",
      "instances": [
        {
          "schema_version": 0,
          "attributes": {
            "gateway_id": "",
            "id": "rtbassoc-064e430bfbd812e26",
            "route_table_id": "rtb-0305b74d85c25136c",
            "subnet_id": "subnet-091a15daa809a807b",
            "timeouts": null
          },
          "sensitive_attributes": [],
          "private": "eyJlMmJmYjczMC1lY2FhLTExZTYtOGY4OC0zNDM2M2JjN2M0YzAiOnsiY3JlYXRlIjozMDAwMDAwMDAwMDAsImRlbGV0ZSI6MzAwMDAwMDAwMDAwLCJ1cGRhdGUiOjEyMDAwMDAwMDAwMH19",
          "dependencies": [
            "aws_internet_gateway.main_gateway",
            "aws_route_table.public_route_table",
            "aws_subnet.public_subnet_1",
            "aws_vpc.tp_cloud_devops_vpc"
          ]
        }
      ]
    },
    {
      "mode": "managed",
      "type": "aws_route_table_association",
      "name": "public_rta2",
      "provider": "provider[\"registry.terraform.io/hashicorp/aws\"]",
      "instances": [
        {
          "schema_version": 0,
          "attributes": {
            "gateway_id": "",
            "id": "rtbassoc-0aae07f76e9ecaf7c",
            "route_table_id": "rtb-0305b74d85c25136c",
            "subnet_id": "subnet-0032fdee3548466f2",
            "timeouts": null
          },
          "sensitive_attributes": [],
          "private": "eyJlMmJmYjczMC1lY2FhLTExZTYtOGY4OC0zNDM2M2JjN2M0YzAiOnsiY3JlYXRlIjozMDAwMDAwMDAwMDAsImRlbGV0ZSI6MzAwMDAwMDAwMDAwLCJ1cGRhdGUiOjEyMDAwMDAwMDAwMH19",
          "dependencies": [
            "aws_internet_gateway.main_gateway",
            "aws_route_table.public_route_table",
            "aws_subnet.public_subnet_2",
            "aws_vpc.tp_cloud_devops_vpc"
          ]
        }
      ]
    },
    {
      "mode": "managed",
      "type": "aws_security_group",
      "name": "web_sg",
      "provider": "provider[\"registry.terraform.io/hashicorp/aws\"]",
      "instances": [
        {
          "schema_version": 1,
          "attributes": {
            "arn": "arn:aws:ec2:us-east-1:183631320726:security-group/sg-0eeaf52a4e1b8bfb1",
            "description": "Security group for web server and SSH access",
            "egress": [
              {
                "cidr_blocks": [
                  "0.0.0.0/0"
                ],
                "description": "",
                "from_port": 0,
                "ipv6_cidr_blocks": [],
                "prefix_list_ids": [],
                "protocol": "-1",
                "security_groups": [],
                "self": false,
                "to_port": 0
              }
            ],
            "id": "sg-0eeaf52a4e1b8bfb1",
            "ingress": [
              {
                "cidr_blocks": [
                  "0.0.0.0/0"
                ],
                "description": "",
                "from_port": 22,
                "ipv6_cidr_blocks": [],
                "prefix_list_ids": [],
                "protocol": "tcp",
                "security_groups": [],
                "self": false,
                "to_port": 22
              },
              {
                "cidr_blocks": [
                  "0.0.0.0/0"
                ],
                "description": "",
                "from_port": 3306,
                "ipv6_cidr_blocks": [],
                "prefix_list_ids": [],
                "protocol": "tcp",
                "security_groups": [],
                "self": false,
                "to_port": 3306
              },
              {
                "cidr_blocks": [
                  "0.0.0.0/0"
                ],
                "description": "",
                "from_port": 8000,
                "ipv6_cidr_blocks": [],
                "prefix_list_ids": [],
                "protocol": "tcp",
                "security_groups": [],
                "self": false,
                "to_port": 8000
              },
              {
                "cidr_blocks": [
                  "0.0.0.0/0"
                ],
                "description": "",
                "from_port": 8080,
                "ipv6_cidr_blocks": [],
                "prefix_list_ids": [],
                "protocol": "tcp",
                "security_groups": [],
                "self": false,
                "to_port": 8080
              },
              {
                "cidr_blocks": [
                  "0.0.0.0/0"
                ],
                "description": "",
                "from_port": 80,
                "ipv6_cidr_blocks": [],
                "prefix_list_ids": [],
                "protocol": "tcp",
                "security_groups": [],
                "self": false,
                "to_port": 80
              },
              {
                "cidr_blocks": [
                  "0.0.0.0/0"
                ],
                "description": "",
                "from_port": 81,
                "ipv6_cidr_blocks": [],
                "prefix_list_ids": [],
                "protocol": "tcp",
                "security_groups": [],
                "self": false,
                "to_port": 81
              }
            ],
            "name": "web-server-sg",
            "name_prefix": "",
            "owner_id": "183631320726",
            "revoke_rules_on_delete": false,
            "tags": {},
            "tags_all": {},
            "timeouts": null,
            "vpc_id": "vpc-04c359dcb5972f02a"
          },
          "sensitive_attributes": [],
          "private": "eyJlMmJmYjczMC1lY2FhLTExZTYtOGY4OC0zNDM2M2JjN2M0YzAiOnsiY3JlYXRlIjo2MDAwMDAwMDAwMDAsImRlbGV0ZSI6OTAwMDAwMDAwMDAwfSwic2NoZW1hX3ZlcnNpb24iOiIxIn0=",
          "dependencies": [
            "aws_vpc.tp_cloud_devops_vpc"
          ]
        }
      ]
    },
    {
      "mode": "managed",
      "type": "aws_security_group_rule",
      "name": "allow_all_outbound",
      "provider": "provider[\"registry.terraform.io/hashicorp/aws\"]",
      "instances": [
        {
          "schema_version": 2,
          "attributes": {
            "cidr_blocks": [
              "0.0.0.0/0"
            ],
            "description": "",
            "from_port": 0,
            "id": "sgrule-3739078525",
            "ipv6_cidr_blocks": null,
            "prefix_list_ids": null,
            "protocol": "-1",
            "security_group_id": "sg-0eeaf52a4e1b8bfb1",
            "security_group_rule_id": "sgr-0a6d8902d5a167ffe",
            "self": false,
            "source_security_group_id": null,
            "timeouts": null,
            "to_port": 0,
            "type": "egress"
          },
          "sensitive_attributes": [],
          "private": "eyJlMmJmYjczMC1lY2FhLTExZTYtOGY4OC0zNDM2M2JjN2M0YzAiOnsiY3JlYXRlIjozMDAwMDAwMDAwMDB9LCJzY2hlbWFfdmVyc2lvbiI6IjIifQ==",
          "dependencies": [
            "aws_security_group.web_sg",
            "aws_vpc.tp_cloud_devops_vpc"
          ]
        }
      ]
    },
    {
      "mode": "managed",
      "type": "aws_security_group_rule",
      "name": "allow_backend_inbound",
      "provider": "provider[\"registry.terraform.io/hashicorp/aws\"]",
      "instances": [
        {
          "schema_version": 2,
          "attributes": {
            "cidr_blocks": [
              "0.0.0.0/0"
            ],
            "description": "",
            "from_port": 8000,
            "id": "sgrule-2782909049",
            "ipv6_cidr_blocks": null,
            "prefix_list_ids": null,
            "protocol": "tcp",
            "security_group_id": "sg-0eeaf52a4e1b8bfb1",
            "security_group_rule_id": "sgr-0dea882a22b493a9f",
            "self": false,
            "source_security_group_id": null,
            "timeouts": null,
            "to_port": 8000,
            "type": "ingress"
          },
          "sensitive_attributes": [],
          "private": "eyJlMmJmYjczMC1lY2FhLTExZTYtOGY4OC0zNDM2M2JjN2M0YzAiOnsiY3JlYXRlIjozMDAwMDAwMDAwMDB9LCJzY2hlbWFfdmVyc2lvbiI6IjIifQ==",
          "dependencies": [
            "aws_security_group.web_sg",
            "aws_vpc.tp_cloud_devops_vpc"
          ]
        }
      ]
    },
    {
      "mode": "managed",
      "type": "aws_security_group_rule",
      "name": "allow_rds_inbound",
      "provider": "provider[\"registry.terraform.io/hashicorp/aws\"]",
      "instances": [
        {
          "schema_version": 2,
          "attributes": {
            "cidr_blocks": [
              "0.0.0.0/0"
            ],
            "description": "",
            "from_port": 3306,
            "id": "sgrule-1054950297",
            "ipv6_cidr_blocks": null,
            "prefix_list_ids": null,
            "protocol": "tcp",
            "security_group_id": "sg-0eeaf52a4e1b8bfb1",
            "security_group_rule_id": "sgr-03a9314306142db65",
            "self": false,
            "source_security_group_id": null,
            "timeouts": null,
            "to_port": 3306,
            "type": "ingress"
          },
          "sensitive_attributes": [],
          "private": "eyJlMmJmYjczMC1lY2FhLTExZTYtOGY4OC0zNDM2M2JjN2M0YzAiOnsiY3JlYXRlIjozMDAwMDAwMDAwMDB9LCJzY2hlbWFfdmVyc2lvbiI6IjIifQ==",
          "dependencies": [
            "aws_security_group.web_sg",
            "aws_vpc.tp_cloud_devops_vpc"
          ]
        }
      ]
    },
    {
      "mode": "managed",
      "type": "aws_security_group_rule",
      "name": "allow_web_http_inbound",
      "provider": "provider[\"registry.terraform.io/hashicorp/aws\"]",
      "instances": [
        {
          "schema_version": 2,
          "attributes": {
            "cidr_blocks": [
              "0.0.0.0/0"
            ],
            "description": "",
            "from_port": 8080,
            "id": "sgrule-2980208591",
            "ipv6_cidr_blocks": null,
            "prefix_list_ids": null,
            "protocol": "tcp",
            "security_group_id": "sg-0eeaf52a4e1b8bfb1",
            "security_group_rule_id": "sgr-0dff2c5347c7940ad",
            "self": false,
            "source_security_group_id": null,
            "timeouts": null,
            "to_port": 8080,
            "type": "ingress"
          },
          "sensitive_attributes": [],
          "private": "eyJlMmJmYjczMC1lY2FhLTExZTYtOGY4OC0zNDM2M2JjN2M0YzAiOnsiY3JlYXRlIjozMDAwMDAwMDAwMDB9LCJzY2hlbWFfdmVyc2lvbiI6IjIifQ==",
          "dependencies": [
            "aws_security_group.web_sg",
            "aws_vpc.tp_cloud_devops_vpc"
          ]
        }
      ]
    },
    {
      "mode": "managed",
      "type": "aws_security_group_rule",
      "name": "allow_web_http_inbound-80",
      "provider": "provider[\"registry.terraform.io/hashicorp/aws\"]",
      "instances": [
        {
          "schema_version": 2,
          "attributes": {
            "cidr_blocks": [
              "0.0.0.0/0"
            ],
            "description": "",
            "from_port": 80,
            "id": "sgrule-1856430545",
            "ipv6_cidr_blocks": null,
            "prefix_list_ids": null,
            "protocol": "tcp",
            "security_group_id": "sg-0eeaf52a4e1b8bfb1",
            "security_group_rule_id": "sgr-0303af07aaa75553a",
            "self": false,
            "source_security_group_id": null,
            "timeouts": null,
            "to_port": 80,
            "type": "ingress"
          },
          "sensitive_attributes": [],
          "private": "eyJlMmJmYjczMC1lY2FhLTExZTYtOGY4OC0zNDM2M2JjN2M0YzAiOnsiY3JlYXRlIjozMDAwMDAwMDAwMDB9LCJzY2hlbWFfdmVyc2lvbiI6IjIifQ==",
          "dependencies": [
            "aws_security_group.web_sg",
            "aws_vpc.tp_cloud_devops_vpc"
          ]
        }
      ]
    },
    {
      "mode": "managed",
      "type": "aws_security_group_rule",
      "name": "allow_web_http_inbound-81",
      "provider": "provider[\"registry.terraform.io/hashicorp/aws\"]",
      "instances": [
        {
          "schema_version": 2,
          "attributes": {
            "cidr_blocks": [
              "0.0.0.0/0"
            ],
            "description": "",
            "from_port": 81,
            "id": "sgrule-2165284791",
            "ipv6_cidr_blocks": null,
            "prefix_list_ids": null,
            "protocol": "tcp",
            "security_group_id": "sg-0eeaf52a4e1b8bfb1",
            "security_group_rule_id": "sgr-0790022d4d522d712",
            "self": false,
            "source_security_group_id": null,
            "timeouts": null,
            "to_port": 81,
            "type": "ingress"
          },
          "sensitive_attributes": [],
          "private": "eyJlMmJmYjczMC1lY2FhLTExZTYtOGY4OC0zNDM2M2JjN2M0YzAiOnsiY3JlYXRlIjozMDAwMDAwMDAwMDB9LCJzY2hlbWFfdmVyc2lvbiI6IjIifQ==",
          "dependencies": [
            "aws_security_group.web_sg",
            "aws_vpc.tp_cloud_devops_vpc"
          ]
        }
      ]
    },
    {
      "mode": "managed",
      "type": "aws_security_group_rule",
      "name": "allow_web_ssh_inbound",
      "provider": "provider[\"registry.terraform.io/hashicorp/aws\"]",
      "instances": [
        {
          "schema_version": 2,
          "attributes": {
            "cidr_blocks": [
              "0.0.0.0/0"
            ],
            "description": "",
            "from_port": 22,
            "id": "sgrule-3626810468",
            "ipv6_cidr_blocks": null,
            "prefix_list_ids": null,
            "protocol": "tcp",
            "security_group_id": "sg-0eeaf52a4e1b8bfb1",
            "security_group_rule_id": "sgr-068191440b4660f6c",
            "self": false,
            "source_security_group_id": null,
            "timeouts": null,
            "to_port": 22,
            "type": "ingress"
          },
          "sensitive_attributes": [],
          "private": "eyJlMmJmYjczMC1lY2FhLTExZTYtOGY4OC0zNDM2M2JjN2M0YzAiOnsiY3JlYXRlIjozMDAwMDAwMDAwMDB9LCJzY2hlbWFfdmVyc2lvbiI6IjIifQ==",
          "dependencies": [
            "aws_security_group.web_sg",
            "aws_vpc.tp_cloud_devops_vpc"
          ]
        }
      ]
    },
    {
      "mode": "managed",
      "type": "aws_subnet",
      "name": "public_subnet_1",
      "provider": "provider[\"registry.terraform.io/hashicorp/aws\"]",
      "instances": [
        {
          "schema_version": 1,
          "attributes": {
            "arn": "arn:aws:ec2:us-east-1:183631320726:subnet/subnet-091a15daa809a807b",
            "assign_ipv6_address_on_creation": false,
            "availability_zone": "us-east-1a",
            "availability_zone_id": "use1-az2",
            "cidr_block": "10.0.1.0/24",
            "customer_owned_ipv4_pool": "",
            "enable_dns64": false,
            "enable_lni_at_device_index": 0,
            "enable_resource_name_dns_a_record_on_launch": false,
            "enable_resource_name_dns_aaaa_record_on_launch": false,
            "id": "subnet-091a15daa809a807b",
            "ipv6_cidr_block": "",
            "ipv6_cidr_block_association_id": "",
            "ipv6_native": false,
            "map_customer_owned_ip_on_launch": false,
            "map_public_ip_on_launch": true,
            "outpost_arn": "",
            "owner_id": "183631320726",
            "private_dns_hostname_type_on_launch": "ip-name",
            "tags": {
              "Name": "PublicSubnet1"
            },
            "tags_all": {
              "Name": "PublicSubnet1"
            },
            "timeouts": null,
            "vpc_id": "vpc-04c359dcb5972f02a"
          },
          "sensitive_attributes": [],
          "private": "eyJlMmJmYjczMC1lY2FhLTExZTYtOGY4OC0zNDM2M2JjN2M0YzAiOnsiY3JlYXRlIjo2MDAwMDAwMDAwMDAsImRlbGV0ZSI6MTIwMDAwMDAwMDAwMH0sInNjaGVtYV92ZXJzaW9uIjoiMSJ9",
          "dependencies": [
            "aws_vpc.tp_cloud_devops_vpc"
          ]
        }
      ]
    },
    {
      "mode": "managed",
      "type": "aws_subnet",
      "name": "public_subnet_2",
      "provider": "provider[\"registry.terraform.io/hashicorp/aws\"]",
      "instances": [
        {
          "schema_version": 1,
          "attributes": {
            "arn": "arn:aws:ec2:us-east-1:183631320726:subnet/subnet-0032fdee3548466f2",
            "assign_ipv6_address_on_creation": false,
            "availability_zone": "us-east-1b",
            "availability_zone_id": "use1-az4",
            "cidr_block": "10.0.2.0/24",
            "customer_owned_ipv4_pool": "",
            "enable_dns64": false,
            "enable_lni_at_device_index": 0,
            "enable_resource_name_dns_a_record_on_launch": false,
            "enable_resource_name_dns_aaaa_record_on_launch": false,
            "id": "subnet-0032fdee3548466f2",
            "ipv6_cidr_block": "",
            "ipv6_cidr_block_association_id": "",
            "ipv6_native": false,
            "map_customer_owned_ip_on_launch": false,
            "map_public_ip_on_launch": true,
            "outpost_arn": "",
            "owner_id": "183631320726",
            "private_dns_hostname_type_on_launch": "ip-name",
            "tags": {
              "Name": "PublicSubnet2"
            },
            "tags_all": {
              "Name": "PublicSubnet2"
            },
            "timeouts": null,
            "vpc_id": "vpc-04c359dcb5972f02a"
          },
          "sensitive_attributes": [],
          "private": "eyJlMmJmYjczMC1lY2FhLTExZTYtOGY4OC0zNDM2M2JjN2M0YzAiOnsiY3JlYXRlIjo2MDAwMDAwMDAwMDAsImRlbGV0ZSI6MTIwMDAwMDAwMDAwMH0sInNjaGVtYV92ZXJzaW9uIjoiMSJ9",
          "dependencies": [
            "aws_vpc.tp_cloud_devops_vpc"
          ]
        }
      ]
    },
    {
      "mode": "managed",
      "type": "aws_vpc",
      "name": "tp_cloud_devops_vpc",
      "provider": "provider[\"registry.terraform.io/hashicorp/aws\"]",
      "instances": [
        {
          "schema_version": 1,
          "attributes": {
            "arn": "arn:aws:ec2:us-east-1:183631320726:vpc/vpc-04c359dcb5972f02a",
            "assign_generated_ipv6_cidr_block": false,
            "cidr_block": "10.0.0.0/16",
            "default_network_acl_id": "acl-037d1ca38696c777a",
            "default_route_table_id": "rtb-003c4e1a48f37b985",
            "default_security_group_id": "sg-0919a397fc33bd152",
            "dhcp_options_id": "dopt-07398edb8aa232cb5",
            "enable_classiclink": false,
            "enable_classiclink_dns_support": false,
            "enable_dns_hostnames": true,
            "enable_dns_support": true,
            "enable_network_address_usage_metrics": false,
            "id": "vpc-04c359dcb5972f02a",
            "instance_tenancy": "default",
            "ipv4_ipam_pool_id": null,
            "ipv4_netmask_length": null,
            "ipv6_association_id": "",
            "ipv6_cidr_block": "",
            "ipv6_cidr_block_network_border_group": "",
            "ipv6_ipam_pool_id": "",
            "ipv6_netmask_length": 0,
            "main_route_table_id": "rtb-003c4e1a48f37b985",
            "owner_id": "183631320726",
            "tags": {
              "Name": "tp_cloud_devops_vpc"
            },
            "tags_all": {
              "Name": "tp_cloud_devops_vpc"
            }
          },
          "sensitive_attributes": [],
          "private": "eyJzY2hlbWFfdmVyc2lvbiI6IjEifQ=="
        }
      ]
    },
    {
      "mode": "managed",
      "type": "tls_private_key",
      "name": "example_ssh_key",
      "provider": "provider[\"registry.terraform.io/hashicorp/tls\"]",
      "instances": [
        {
          "schema_version": 0,
          "attributes": {
            "algorithm": "RSA",
            "ecdsa_curve": "P224",
            "id": "a725a5db163792c913a18ab0948b9ada226909e6",
            "private_key_openssh": "-----BEGIN OPENSSH PRIVATE KEY-----\nb3BlbnNzaC1rZXktdjEAAAAABG5vbmUAAAAEbm9uZQAAAAAAAAABAAABFwAAAAdz\nc2gtcnNhAAAAAwEAAQAAAQEA3OUe7hxBHDWQcXW5mHmTAbtr36kyBN7fFLshEh90\ntTv9bZbs58IzJfN26M8+NrqvubWry4EK8VxI71YPI5bN7QG29qXYcY+bBzwACCAY\nbIt7r01KevEF134hDBj0ywgEQi1Jk/6qeEbRxHMJa8eZwKkJBt0o8crus1weUFlv\ni+4pupAP/k9oZEX/PPj9x9U36JOO7Wzuy45IkVP7nFK6GIXnIGn3plnlzvM2DK8X\nqYE5Cj24lbwXTUcKTY48boUlTTNL0As+0tmcwdPLrEuLvc7or4K8c8an9WXtHDrG\nFYR2FZrB48TjO6Dov9VHUwUtZJ5lizMwfEKnRKh1SrAKTQAAA7j/Fcze/xXM3gAA\nAAdzc2gtcnNhAAABAQDc5R7uHEEcNZBxdbmYeZMBu2vfqTIE3t8UuyESH3S1O/1t\nluznwjMl83bozz42uq+5tavLgQrxXEjvVg8jls3tAbb2pdhxj5sHPAAIIBhsi3uv\nTUp68QXXfiEMGPTLCARCLUmT/qp4RtHEcwlrx5nAqQkG3Sjxyu6zXB5QWW+L7im6\nkA/+T2hkRf88+P3H1Tfok47tbO7LjkiRU/ucUroYhecgafemWeXO8zYMrxepgTkK\nPbiVvBdNRwpNjjxuhSVNM0vQCz7S2ZzB08usS4u9zuivgrxzxqf1Ze0cOsYVhHYV\nmsHjxOM7oOi/1UdTBS1knmWLMzB8QqdEqHVKsApNAAAAAwEAAQAAAQEArflGgwJ9\nxVnqiXHO2uflgFe8fksjufJOgGVhhoR/xr2Yu9dCfsXUwu8dl/6hYTlnbTxIMd9Q\nXwfv6ZA+HCmJxkCzeU7lSYtw7iGzZLLiiZrRrx+QqYNqtm4AWSbOpZmKwRQp/wVz\n/YbJb4+qu9hYoASBt4Y32TebCGhk96N41xsla4ytf2pQBlISQWXRpUPatEB4o8jS\n1s+uamtckGEfc+R78jeNwbqZcD3XSiNCPLE2wJT2SlXjhZenk5QTeaITa7TBAWB/\n4O3xc+oTppvzPEduwAig/POZuJMm+B2lKxerwBwPplHY5suuv4JCukspGgAnlkUQ\nvDqZlNndsultgQAAAIAEm+dRPBtkABThs/knHxdu1owt6eW7l3XNgeCokbHlLuRu\nBigkognG69WAIExUqF3N9ZENnA/oy+QgPe0PQXSgAucZDvFcqqJd9ZNWP1ExfFBO\n6teTLaADQmIFsT45LHq4Lu3GZNY6xBGImqe1FSxG/t+axFEfqc40gNv8ttDT3AAA\nAIEA+n+Zvc1U0i0Ir354w412DgHxZc6pAu10j0i299gVBiYo6o5tXzxuRd3++Psm\ntUKjfVbdshxeqjh6gGgAqzALBV3r2RytSGcQBA8X1Dnfvki60RCcvyvl/VSKxYPJ\nNinVS6icJ6J9DNWaefDxjEFTxVIKRIRqAmKAnQQr+FQMF1MAAACBAOG/FAjOnnVH\nvChyM1EvoancV1gTzpn5i35FyZPllOpHut1ZtNu9hPaLGu0yklJfT26jSYiewp1a\nBUqsmPWjyUGr8f+vO6zFtTC7zYvCLNM1nujDmnAo07LSJrP/lSB2abIp+t/CJWaz\n7eJz3TZnfIoC0gSqMeTtvSupxgmtH0PfAAAAAAEC\n-----END OPENSSH PRIVATE KEY-----\n",
            "private_key_pem": "-----BEGIN RSA PRIVATE KEY-----\nMIIEpAIBAAKCAQEA3OUe7hxBHDWQcXW5mHmTAbtr36kyBN7fFLshEh90tTv9bZbs\n58IzJfN26M8+NrqvubWry4EK8VxI71YPI5bN7QG29qXYcY+bBzwACCAYbIt7r01K\nevEF134hDBj0ywgEQi1Jk/6qeEbRxHMJa8eZwKkJBt0o8crus1weUFlvi+4pupAP\n/k9oZEX/PPj9x9U36JOO7Wzuy45IkVP7nFK6GIXnIGn3plnlzvM2DK8XqYE5Cj24\nlbwXTUcKTY48boUlTTNL0As+0tmcwdPLrEuLvc7or4K8c8an9WXtHDrGFYR2FZrB\n48TjO6Dov9VHUwUtZJ5lizMwfEKnRKh1SrAKTQIDAQABAoIBAQCt+UaDAn3FWeqJ\ncc7a5+WAV7x+SyO58k6AZWGGhH/GvZi710J+xdTC7x2X/qFhOWdtPEgx31BfB+/p\nkD4cKYnGQLN5TuVJi3DuIbNksuKJmtGvH5Cpg2q2bgBZJs6lmYrBFCn/BXP9hslv\nj6q72FigBIG3hjfZN5sIaGT3o3jXGyVrjK1/alAGUhJBZdGlQ9q0QHijyNLWz65q\na1yQYR9z5HvyN43BuplwPddKI0I8sTbAlPZKVeOFl6eTlBN5ohNrtMEBYH/g7fFz\n6hOmm/M8R27ACKD885m4kyb4HaUrF6vAHA+mUdjmy66/gkK6SykaACeWRRC8OpmU\n2d2y6W2BAoGBAPp/mb3NVNItCK9+eMONdg4B8WXOqQLtdI9ItvfYFQYmKOqObV88\nbkXd/vj7JrVCo31W3bIcXqo4eoBoAKswCwVd69kcrUhnEAQPF9Q5375IutEQnL8r\n5f1UisWDyTYp1UuonCeifQzVmnnw8YxBU8VSCkSEagJigJ0EK/hUDBdTAoGBAOG/\nFAjOnnVHvChyM1EvoancV1gTzpn5i35FyZPllOpHut1ZtNu9hPaLGu0yklJfT26j\nSYiewp1aBUqsmPWjyUGr8f+vO6zFtTC7zYvCLNM1nujDmnAo07LSJrP/lSB2abIp\n+t/CJWaz7eJz3TZnfIoC0gSqMeTtvSupxgmtH0PfAoGBAKs2r+R1BbaqJTeeH/i5\nJampVk+Zkxd3KaYNs1Fvld8gEfNP6h2f9lc2xuFy+CAILiqrRthIX8PE2qYNb/eR\n3NaMPXmmCiJknyPHFShvbihnGZlv21MnNAmU0UzzKIIm0azmz+SfQQ2WqgES2GZe\n+Fz0GCSAxNxgazvm8A7Jk4IVAoGAdgjt1ckLS3FNraxArtOD6Qff15rLrPCxAj5F\nLwKcwX7t8u0Dxt2qVyrW0m1d2pohM01HlprEUXgPSkNC2zVfduoL58/dGPJrUebw\ni4Hk5C6mPzh/WOPQBTEisX0SoV2o2FJg7XxbB/9Og9hnMxobISJmY7AF1JiGD/1+\nIfMWZOsCgYAEm+dRPBtkABThs/knHxdu1owt6eW7l3XNgeCokbHlLuRuBigkognG\n69WAIExUqF3N9ZENnA/oy+QgPe0PQXSgAucZDvFcqqJd9ZNWP1ExfFBO6teTLaAD\nQmIFsT45LHq4Lu3GZNY6xBGImqe1FSxG/t+axFEfqc40gNv8ttDT3A==\n-----END RSA PRIVATE KEY-----\n",
            "public_key_fingerprint_md5": "07:24:9f:51:e7:39:eb:28:87:a3:e0:72:e8:9d:b9:59",
            "public_key_fingerprint_sha256": "SHA256:SoYwWxnNTwDI0jG9/tRHFbJkzxMmyjLrdlJRyXII+P8",
            "public_key_openssh": "ssh-rsa AAAAB3NzaC1yc2EAAAADAQABAAABAQDc5R7uHEEcNZBxdbmYeZMBu2vfqTIE3t8UuyESH3S1O/1tluznwjMl83bozz42uq+5tavLgQrxXEjvVg8jls3tAbb2pdhxj5sHPAAIIBhsi3uvTUp68QXXfiEMGPTLCARCLUmT/qp4RtHEcwlrx5nAqQkG3Sjxyu6zXB5QWW+L7im6kA/+T2hkRf88+P3H1Tfok47tbO7LjkiRU/ucUroYhecgafemWeXO8zYMrxepgTkKPbiVvBdNRwpNjjxuhSVNM0vQCz7S2ZzB08usS4u9zuivgrxzxqf1Ze0cOsYVhHYVmsHjxOM7oOi/1UdTBS1knmWLMzB8QqdEqHVKsApN\n",
            "public_key_pem": "-----BEGIN PUBLIC KEY-----\nMIIBIjANBgkqhkiG9w0BAQEFAAOCAQ8AMIIBCgKCAQEA3OUe7hxBHDWQcXW5mHmT\nAbtr36kyBN7fFLshEh90tTv9bZbs58IzJfN26M8+NrqvubWry4EK8VxI71YPI5bN\n7QG29qXYcY+bBzwACCAYbIt7r01KevEF134hDBj0ywgEQi1Jk/6qeEbRxHMJa8eZ\nwKkJBt0o8crus1weUFlvi+4pupAP/k9oZEX/PPj9x9U36JOO7Wzuy45IkVP7nFK6\nGIXnIGn3plnlzvM2DK8XqYE5Cj24lbwXTUcKTY48boUlTTNL0As+0tmcwdPLrEuL\nvc7or4K8c8an9WXtHDrGFYR2FZrB48TjO6Dov9VHUwUtZJ5lizMwfEKnRKh1SrAK\nTQIDAQAB\n-----END PUBLIC KEY-----\n",
            "rsa_bits": 2048
          },
          "sensitive_attributes": [
            [
              {
                "type": "get_attr",
                "value": "private_key_openssh"
              }
            ],
            [
              {
                "type": "get_attr",
                "value": "private_key_pem"
              }
            ]
          ],
          "private": "bnVsbA=="
        }
      ]
    }
  ],
  "check_results": null
}
